
Microsoft Visual Studio Solution File, Format Version 12.00
# Visual Studio Version 17
VisualStudioVersion = 17.5.2.0
MinimumVisualStudioVersion = 10.0.40219.1
Project("{2150E333-8FDC-42A3-9474-1A3956D46DE8}") = "backend", "backend", "{1AE8ACA6-933B-BF2A-3671-3E2EAC007D16}"
EndProject
Project("{FAE04EC0-301F-11D3-BF4B-00C04F79EFBC}") = "Aura.Api", "backend\Aura.Api\Aura.Api.csproj", "{84EB96A0-D71A-18F7-7BFB-234050CB5E1C}"
EndProject
Project("{FAE04EC0-301F-11D3-BF4B-00C04F79EFBC}") = "Aura.Api.Tests", "backend\Aura.Api.Tests\Aura.Api.Tests.csproj", "{8F030508-7433-4732-B299-0CB6D83F035A}"
	ProjectSection(ProjectDependencies) = postProject
		{84EB96A0-D71A-18F7-7BFB-234050CB5E1C} = {84EB96A0-D71A-18F7-7BFB-234050CB5E1C}
	EndProjectSection
EndProject
Project("{FAE04EC0-301F-11D3-BF4B-00C04F79EFBC}") = "Aura.DbMigrator", "backend\Aura.DbMigrator\Aura.DbMigrator.csproj", "{E3A91F3D-4D62-41B5-9C8C-0CB4CC8A7B61}"
EndProject
Project("{FAE04EC0-301F-11D3-BF4B-00C04F79EFBC}") = "Aura.Api.Integration.Tests", "backend\Aura.Api.Integration.Tests\Aura.Api.Integration.Tests.csproj", "{B340D0CC-C43E-4584-9761-548C068B4EBC}"
EndProject
Global
	GlobalSection(SolutionConfigurationPlatforms) = preSolution
		Debug|Any CPU = Debug|Any CPU
		Debug|x64 = Debug|x64
		Debug|x86 = Debug|x86
		Release|Any CPU = Release|Any CPU
		Release|x64 = Release|x64
		Release|x86 = Release|x86
	EndGlobalSection
	GlobalSection(ProjectConfigurationPlatforms) = postSolution
		{84EB96A0-D71A-18F7-7BFB-234050CB5E1C}.Debug|Any CPU.ActiveCfg = Debug|Any CPU
		{84EB96A0-D71A-18F7-7BFB-234050CB5E1C}.Debug|Any CPU.Build.0 = Debug|Any CPU
		{84EB96A0-D71A-18F7-7BFB-234050CB5E1C}.Debug|x64.ActiveCfg = Debug|Any CPU
		{84EB96A0-D71A-18F7-7BFB-234050CB5E1C}.Debug|x64.Build.0 = Debug|Any CPU
		{84EB96A0-D71A-18F7-7BFB-234050CB5E1C}.Debug|x86.ActiveCfg = Debug|Any CPU
		{84EB96A0-D71A-18F7-7BFB-234050CB5E1C}.Debug|x86.Build.0 = Debug|Any CPU
		{84EB96A0-D71A-18F7-7BFB-234050CB5E1C}.Release|Any CPU.ActiveCfg = Release|Any CPU
		{84EB96A0-D71A-18F7-7BFB-234050CB5E1C}.Release|Any CPU.Build.0 = Release|Any CPU
		{84EB96A0-D71A-18F7-7BFB-234050CB5E1C}.Release|x64.ActiveCfg = Release|Any CPU
		{84EB96A0-D71A-18F7-7BFB-234050CB5E1C}.Release|x64.Build.0 = Release|Any CPU
		{84EB96A0-D71A-18F7-7BFB-234050CB5E1C}.Release|x86.ActiveCfg = Release|Any CPU
		{84EB96A0-D71A-18F7-7BFB-234050CB5E1C}.Release|x86.Build.0 = Release|Any CPU
		{8F030508-7433-4732-B299-0CB6D83F035A}.Debug|Any CPU.ActiveCfg = Debug|Any CPU
		{8F030508-7433-4732-B299-0CB6D83F035A}.Debug|Any CPU.Build.0 = Debug|Any CPU
		{8F030508-7433-4732-B299-0CB6D83F035A}.Debug|x64.ActiveCfg = Debug|Any CPU
		{8F030508-7433-4732-B299-0CB6D83F035A}.Debug|x64.Build.0 = Debug|Any CPU
		{8F030508-7433-4732-B299-0CB6D83F035A}.Debug|x86.ActiveCfg = Debug|Any CPU
		{8F030508-7433-4732-B299-0CB6D83F035A}.Debug|x86.Build.0 = Debug|Any CPU
		{8F030508-7433-4732-B299-0CB6D83F035A}.Release|Any CPU.ActiveCfg = Release|Any CPU
		{8F030508-7433-4732-B299-0CB6D83F035A}.Release|Any CPU.Build.0 = Release|Any CPU
		{8F030508-7433-4732-B299-0CB6D83F035A}.Release|x64.ActiveCfg = Release|Any CPU
		{8F030508-7433-4732-B299-0CB6D83F035A}.Release|x64.Build.0 = Release|Any CPU
		{8F030508-7433-4732-B299-0CB6D83F035A}.Release|x86.ActiveCfg = Release|Any CPU
		{8F030508-7433-4732-B299-0CB6D83F035A}.Release|x86.Build.0 = Release|Any CPU
		{E3A91F3D-4D62-41B5-9C8C-0CB4CC8A7B61}.Debug|Any CPU.ActiveCfg = Debug|Any CPU
		{E3A91F3D-4D62-41B5-9C8C-0CB4CC8A7B61}.Debug|Any CPU.Build.0 = Debug|Any CPU
		{E3A91F3D-4D62-41B5-9C8C-0CB4CC8A7B61}.Debug|x64.ActiveCfg = Debug|Any CPU
		{E3A91F3D-4D62-41B5-9C8C-0CB4CC8A7B61}.Debug|x64.Build.0 = Debug|Any CPU
		{E3A91F3D-4D62-41B5-9C8C-0CB4CC8A7B61}.Debug|x86.ActiveCfg = Debug|Any CPU
		{E3A91F3D-4D62-41B5-9C8C-0CB4CC8A7B61}.Debug|x86.Build.0 = Debug|Any CPU
		{E3A91F3D-4D62-41B5-9C8C-0CB4CC8A7B61}.Release|Any CPU.ActiveCfg = Release|Any CPU
		{E3A91F3D-4D62-41B5-9C8C-0CB4CC8A7B61}.Release|Any CPU.Build.0 = Release|Any CPU
		{E3A91F3D-4D62-41B5-9C8C-0CB4CC8A7B61}.Release|x64.ActiveCfg = Release|Any CPU
		{E3A91F3D-4D62-41B5-9C8C-0CB4CC8A7B61}.Release|x64.Build.0 = Release|Any CPU
		{E3A91F3D-4D62-41B5-9C8C-0CB4CC8A7B61}.Release|x86.ActiveCfg = Release|Any CPU
		{E3A91F3D-4D62-41B5-9C8C-0CB4CC8A7B61}.Release|x86.Build.0 = Release|Any CPU
		{B340D0CC-C43E-4584-9761-548C068B4EBC}.Debug|Any CPU.ActiveCfg = Debug|Any CPU
		{B340D0CC-C43E-4584-9761-548C068B4EBC}.Debug|Any CPU.Build.0 = Debug|Any CPU
		{B340D0CC-C43E-4584-9761-548C068B4EBC}.Debug|x64.ActiveCfg = Debug|Any CPU
		{B340D0CC-C43E-4584-9761-548C068B4EBC}.Debug|x64.Build.0 = Debug|Any CPU
		{B340D0CC-C43E-4584-9761-548C068B4EBC}.Debug|x86.ActiveCfg = Debug|Any CPU
		{B340D0CC-C43E-4584-9761-548C068B4EBC}.Debug|x86.Build.0 = Debug|Any CPU
		{B340D0CC-C43E-4584-9761-548C068B4EBC}.Release|Any CPU.ActiveCfg = Release|Any CPU
		{B340D0CC-C43E-4584-9761-548C068B4EBC}.Release|Any CPU.Build.0 = Release|Any CPU
		{B340D0CC-C43E-4584-9761-548C068B4EBC}.Release|x64.ActiveCfg = Release|Any CPU
		{B340D0CC-C43E-4584-9761-548C068B4EBC}.Release|x64.Build.0 = Release|Any CPU
		{B340D0CC-C43E-4584-9761-548C068B4EBC}.Release|x86.ActiveCfg = Release|Any CPU
		{B340D0CC-C43E-4584-9761-548C068B4EBC}.Release|x86.Build.0 = Release|Any CPU
	EndGlobalSection
	GlobalSection(SolutionProperties) = preSolution
		HideSolutionNode = FALSE
	EndGlobalSection
	GlobalSection(NestedProjects) = preSolution
		{84EB96A0-D71A-18F7-7BFB-234050CB5E1C} = {1AE8ACA6-933B-BF2A-3671-3E2EAC007D16}
		{8F030508-7433-4732-B299-0CB6D83F035A} = {1AE8ACA6-933B-BF2A-3671-3E2EAC007D16}
		{E3A91F3D-4D62-41B5-9C8C-0CB4CC8A7B61} = {1AE8ACA6-933B-BF2A-3671-3E2EAC007D16}
		{B340D0CC-C43E-4584-9761-548C068B4EBC} = {1AE8ACA6-933B-BF2A-3671-3E2EAC007D16}
	EndGlobalSection
	GlobalSection(ExtensibilityGlobals) = postSolution
		SolutionGuid = {15CD388A-0081-4597-8AAB-EDF085274A37}
	EndGlobalSection
EndGlobal
